
Microsoft Visual Studio Solution File, Format Version 12.00
# Visual Studio Version 17
VisualStudioVersion = 17.2.32516.85
MinimumVisualStudioVersion = 10.0.40219.1
Project("{2150E333-8FDC-42A3-9474-1A3956D46DE8}") = "external", "external", "{E92F4696-3C56-4305-8577-96D4F5F10CC0}"
EndProject
Project("{2150E333-8FDC-42A3-9474-1A3956D46DE8}") = "tests", "tests", "{01097B9E-1DA9-43E8-ABFD-EE4CC5B70A31}"
EndProject
Project("{8BC9CEB8-8B4A-11D0-8D11-00A0C91BC942}") = "basisu_lib", "src\external\basisu_lib.vcxproj", "{59586A07-8E7E-411D-BC3D-387E039AA423}"
EndProject
Project("{9A19103F-16F7-4668-BE54-9A1E7A4F7556}") = "BasisCLR.Tests", "src\BasisCLR.Tests\BasisCLR.Tests.csproj", "{2B082CDB-2C75-4386-AE3F-99333180283C}"
EndProject
Project("{8BC9CEB8-8B4A-11D0-8D11-00A0C91BC942}") = "BasisCLR", "src\BasisCLR\BasisCLR.vcxproj", "{36FBCD99-C65E-4EDB-B128-0B19F0F2FF2A}"
EndProject
Project("{2150E333-8FDC-42A3-9474-1A3956D46DE8}") = "Solution Items", "Solution Items", "{3F74744B-0D56-4781-BBAD-BDD9C6C42BA5}"
	ProjectSection(SolutionItems) = preProject
		LICENSE = LICENSE
		README.md = README.md
	EndProjectSection
EndProject
Project("{8BC9CEB8-8B4A-11D0-8D11-00A0C91BC942}") = "SuperCompressed.Native", "src\SuperCompressed.Native\SuperCompressed.Native.vcxproj", "{4018B89E-21C7-4D85-9D4A-3E9FBD3AAE4A}"
EndProject
Project("{9A19103F-16F7-4668-BE54-9A1E7A4F7556}") = "SuperCompressed", "src\SuperCompressed\SuperCompressed.csproj", "{457D7484-CAD1-4DD1-BD77-0CF3A53526DA}"
EndProject
Project("{FAE04EC0-301F-11D3-BF4B-00C04F79EFBC}") = "SuperCompressed.Tests", "src\SuperCompressed.Tests\SuperCompressed.Tests.csproj", "{57F706A1-6E8C-4F82-A7E1-840A8F5B7C65}"
EndProject
Global
	GlobalSection(SolutionConfigurationPlatforms) = preSolution
		Debug|x64 = Debug|x64
		MinSizeRel|x64 = MinSizeRel|x64
		Release|x64 = Release|x64
		RelWithDebInfo|x64 = RelWithDebInfo|x64
	EndGlobalSection
	GlobalSection(ProjectConfigurationPlatforms) = postSolution
		{59586A07-8E7E-411D-BC3D-387E039AA423}.Debug|x64.ActiveCfg = Debug|x64
		{59586A07-8E7E-411D-BC3D-387E039AA423}.Debug|x64.Build.0 = Debug|x64
		{59586A07-8E7E-411D-BC3D-387E039AA423}.MinSizeRel|x64.ActiveCfg = Release|x64
		{59586A07-8E7E-411D-BC3D-387E039AA423}.MinSizeRel|x64.Build.0 = Release|x64
		{59586A07-8E7E-411D-BC3D-387E039AA423}.Release|x64.ActiveCfg = Release|x64
		{59586A07-8E7E-411D-BC3D-387E039AA423}.Release|x64.Build.0 = Release|x64
		{59586A07-8E7E-411D-BC3D-387E039AA423}.RelWithDebInfo|x64.ActiveCfg = Release|x64
		{59586A07-8E7E-411D-BC3D-387E039AA423}.RelWithDebInfo|x64.Build.0 = Release|x64
		{2B082CDB-2C75-4386-AE3F-99333180283C}.Debug|x64.ActiveCfg = Debug|x64
		{2B082CDB-2C75-4386-AE3F-99333180283C}.Debug|x64.Build.0 = Debug|x64
		{2B082CDB-2C75-4386-AE3F-99333180283C}.MinSizeRel|x64.ActiveCfg = Release|x64
		{2B082CDB-2C75-4386-AE3F-99333180283C}.MinSizeRel|x64.Build.0 = Release|x64
		{2B082CDB-2C75-4386-AE3F-99333180283C}.Release|x64.ActiveCfg = Release|x64
		{2B082CDB-2C75-4386-AE3F-99333180283C}.Release|x64.Build.0 = Release|x64
		{2B082CDB-2C75-4386-AE3F-99333180283C}.RelWithDebInfo|x64.ActiveCfg = Release|x64
		{2B082CDB-2C75-4386-AE3F-99333180283C}.RelWithDebInfo|x64.Build.0 = Release|x64
		{36FBCD99-C65E-4EDB-B128-0B19F0F2FF2A}.Debug|x64.ActiveCfg = Debug|x64
		{36FBCD99-C65E-4EDB-B128-0B19F0F2FF2A}.Debug|x64.Build.0 = Debug|x64
		{36FBCD99-C65E-4EDB-B128-0B19F0F2FF2A}.MinSizeRel|x64.ActiveCfg = Release|x64
		{36FBCD99-C65E-4EDB-B128-0B19F0F2FF2A}.MinSizeRel|x64.Build.0 = Release|x64
		{36FBCD99-C65E-4EDB-B128-0B19F0F2FF2A}.Release|x64.ActiveCfg = Release|x64
		{36FBCD99-C65E-4EDB-B128-0B19F0F2FF2A}.Release|x64.Build.0 = Release|x64
		{36FBCD99-C65E-4EDB-B128-0B19F0F2FF2A}.RelWithDebInfo|x64.ActiveCfg = Release|x64
		{36FBCD99-C65E-4EDB-B128-0B19F0F2FF2A}.RelWithDebInfo|x64.Build.0 = Release|x64
		{4018B89E-21C7-4D85-9D4A-3E9FBD3AAE4A}.Debug|x64.ActiveCfg = Debug|x64
		{4018B89E-21C7-4D85-9D4A-3E9FBD3AAE4A}.Debug|x64.Build.0 = Debug|x64
		{4018B89E-21C7-4D85-9D4A-3E9FBD3AAE4A}.MinSizeRel|x64.ActiveCfg = Debug|x64
		{4018B89E-21C7-4D85-9D4A-3E9FBD3AAE4A}.MinSizeRel|x64.Build.0 = Debug|x64
		{4018B89E-21C7-4D85-9D4A-3E9FBD3AAE4A}.Release|x64.ActiveCfg = Release|x64
		{4018B89E-21C7-4D85-9D4A-3E9FBD3AAE4A}.Release|x64.Build.0 = Release|x64
		{4018B89E-21C7-4D85-9D4A-3E9FBD3AAE4A}.RelWithDebInfo|x64.ActiveCfg = Release|x64
		{4018B89E-21C7-4D85-9D4A-3E9FBD3AAE4A}.RelWithDebInfo|x64.Build.0 = Release|x64
		{457D7484-CAD1-4DD1-BD77-0CF3A53526DA}.Debug|x64.ActiveCfg = Debug|x64
		{457D7484-CAD1-4DD1-BD77-0CF3A53526DA}.Debug|x64.Build.0 = Debug|x64
		{457D7484-CAD1-4DD1-BD77-0CF3A53526DA}.MinSizeRel|x64.ActiveCfg = Debug|x64
		{457D7484-CAD1-4DD1-BD77-0CF3A53526DA}.Release|x64.ActiveCfg = Release|x64
		{457D7484-CAD1-4DD1-BD77-0CF3A53526DA}.RelWithDebInfo|x64.ActiveCfg = Release|x64
		{57F706A1-6E8C-4F82-A7E1-840A8F5B7C65}.Debug|x64.ActiveCfg = Debug|x64
		{57F706A1-6E8C-4F82-A7E1-840A8F5B7C65}.Debug|x64.Build.0 = Debug|x64
		{57F706A1-6E8C-4F82-A7E1-840A8F5B7C65}.MinSizeRel|x64.ActiveCfg = Debug|x64
		{57F706A1-6E8C-4F82-A7E1-840A8F5B7C65}.Release|x64.ActiveCfg = Release|x64
		{57F706A1-6E8C-4F82-A7E1-840A8F5B7C65}.RelWithDebInfo|x64.ActiveCfg = Release|x64
	EndGlobalSection
	GlobalSection(SolutionProperties) = preSolution
		HideSolutionNode = FALSE
	EndGlobalSection
	GlobalSection(NestedProjects) = preSolution
		{59586A07-8E7E-411D-BC3D-387E039AA423} = {E92F4696-3C56-4305-8577-96D4F5F10CC0}
		{2B082CDB-2C75-4386-AE3F-99333180283C} = {01097B9E-1DA9-43E8-ABFD-EE4CC5B70A31}
		{57F706A1-6E8C-4F82-A7E1-840A8F5B7C65} = {01097B9E-1DA9-43E8-ABFD-EE4CC5B70A31}
	EndGlobalSection
	GlobalSection(ExtensibilityGlobals) = postSolution
		SolutionGuid = {6CE5E2A5-6343-4604-B00B-4837D4B16530}
	EndGlobalSection
EndGlobal
